# THIS IS AN AUTOGENERATED FILE. DO NOT EDIT THIS FILE DIRECTLY.
# yarn lockfile v1


"@bower_components/angular-animate@angular/bower-angular-animate#^1.8.2":
  version "1.8.2"
  resolved "https://codeload.github.com/angular/bower-angular-animate/tar.gz/9ad6bb07b8f364654552afe7cfd028efc4fce30d"

"@bower_components/angular-bootstrap-material@tilwinjoy/angular-bootstrap-material#^0.1.4":
  version "0.1.4"
  resolved "https://codeload.github.com/tilwinjoy/angular-bootstrap-material/tar.gz/2c5d322b664c8300063c45f32d009e57e8bb2112"

"@bower_components/angular-bootstrap@angular-ui/bootstrap-bower#^2.5.0":
  version "2.5.0"
  resolved "https://codeload.github.com/angular-ui/bootstrap-bower/tar.gz/752d6a79f500391a7efb06d80f37405c920a6f2b"

"@bower_components/angular-cookies@angular/bower-angular-cookies#^1.8.2":
  version "1.8.2"
  resolved "https://codeload.github.com/angular/bower-angular-cookies/tar.gz/f40feabc73f8e07aa1a29bf2bae7eb0af3d27b87"

"@bower_components/angular-i18n@angular/bower-angular-i18n#^1.8.2":
  version "1.8.2"
  resolved "https://codeload.github.com/angular/bower-angular-i18n/tar.gz/f7f4a0474bc07cab8228ba7cd7ca15ae971951ff"

"@bower_components/angular-input-modified@betsol/angular-input-modified#^2.4.2":
  version "2.4.2"
  resolved "https://codeload.github.com/betsol/angular-input-modified/tar.gz/8f04784f459827f1bf00aaca5f383a6883a4b1e8"
  dependencies:
    angular "~1"

"@bower_components/angular-linkify@scottcorgan/angular-linkify#^2.0.0":
  version "2.0.0"
  resolved "https://codeload.github.com/scottcorgan/angular-linkify/tar.gz/678eb8134e103e684c2df050b0c774c0f81a0acb"

"@bower_components/angular-loading-bar@chieffancypants/angular-loading-bar#^0.9.0":
  version "0.9.0"
  resolved "https://codeload.github.com/chieffancypants/angular-loading-bar/tar.gz/d734873e52ded18fa27d67f52272ae43267dfd63"

"@bower_components/angular-messages@angular/bower-angular-messages#^1.8.2":
  version "1.8.2"
  resolved "https://codeload.github.com/angular/bower-angular-messages/tar.gz/bfa4be6f48dfac366a901eeaf758d85c432b8407"

"@bower_components/angular-mousewheel@monospaced/angular-mousewheel#^1.0.4":
  version "1.0.5"
  resolved "https://codeload.github.com/monospaced/angular-mousewheel/tar.gz/af666c8a98df2c6af388366d6aedfc29fe353b32"
  dependencies:
    angular "^1.0.6"
    hamsterjs "^1.0.2"

"@bower_components/angular-notify@cgross/angular-notify#^2.5.1":
  version "2.5.1"
  resolved "https://codeload.github.com/cgross/angular-notify/tar.gz/d4eb2e9c2b0635c3251a9f9282dccdbe2e31e24d"

"@bower_components/angular-pan-zoom@mvindahl/angular-pan-zoom#^1.0.18":
  version "1.0.18"
  resolved "https://codeload.github.com/mvindahl/angular-pan-zoom/tar.gz/2333a0498b223f43180b57dad56b8790646bce59"

"@bower_components/angular-sanitize@angular/bower-angular-sanitize#^1.8.2":
  version "1.8.2"
  resolved "https://codeload.github.com/angular/bower-angular-sanitize/tar.gz/2fa191ecc061009118a741e141003defac8fae71"

"@bower_components/angular-strap@mgcrea/angular-strap#^2.3.12":
  version "2.3.12"
  resolved "https://codeload.github.com/mgcrea/angular-strap/tar.gz/bc1cb5cc10f253a0cce16ecda360879d77f10768"

"@bower_components/angular-ui-router@angular-ui/angular-ui-router-bower#^1.0.3":
  version "1.0.29"
  resolved "https://codeload.github.com/angular-ui/angular-ui-router-bower/tar.gz/edcae1ea7b61e83c0a243b61ee73292c29af57b0"
  dependencies:
    "@uirouter/core" "6.0.7"

"@bower_components/angular-ui-select@angular-ui/ui-select#^0.19.8":
  version "0.19.8"
  resolved "https://codeload.github.com/angular-ui/ui-select/tar.gz/32829a39e8efe7f94de049c6b529c23fedfc6686"

"@bower_components/angular@angular/bower-angular#^1.8.2":
  version "1.8.2"
  resolved "https://codeload.github.com/angular/bower-angular/tar.gz/87e966dfdca26321553d6d289a3cff337865058e"

"@bower_components/bootstrap-sass@twbs/bootstrap-sass#^3.3.6":
  version "3.4.1"
  resolved "https://codeload.github.com/twbs/bootstrap-sass/tar.gz/b34765d8a6aa775816c59012b2d6b30c4c66a8e9"

"@bower_components/bootstrap-ui-datetime-picker@gillardo/bootstrap-ui-datetime-picker#^2.6.4":
  version "2.6.4"
  resolved "https://codeload.github.com/gillardo/bootstrap-ui-datetime-picker/tar.gz/c6c55c8c305ab8096e2b69627a1b94562f4843e7"

"@bower_components/bootstrap@twbs/bootstrap#^3.4.1":
  version "3.4.1"
  resolved "https://codeload.github.com/twbs/bootstrap/tar.gz/68b0d231a13201eb14acd3dc84e51543d16e5f7e"

"@bower_components/capture-video-frame@ilkkao/capture-video-frame#^0.1.3":
  version "0.1.3"
  resolved "https://codeload.github.com/ilkkao/capture-video-frame/tar.gz/81897a7fd093bcb70654b866155654ffc4f5c4fa"

"@bower_components/font-awesome@FortAwesome/Font-Awesome#^4.7.0":
  version "4.7.0"
  resolved "https://codeload.github.com/FortAwesome/Font-Awesome/tar.gz/a8386aae19e200ddb0f6845b5feeee5eb7013687"

"@bower_components/hamsterjs@monospaced/hamster.js#^1.0.5":
  version "1.1.3"
  resolved "https://codeload.github.com/monospaced/hamster.js/tar.gz/630aff032c0b764e6b1953476afd8405388dc10d"

"@bower_components/jquery@jquery/jquery-dist#1.9.1 - 3":
  version "3.6.0"
  resolved "https://codeload.github.com/jquery/jquery-dist/tar.gz/e786e3d9707ffd9b0dd330ca135b66344dcef85a"

"@bower_components/lodash@lodash/lodash#^4.17.4":
  version "4.17.21"
  resolved "https://codeload.github.com/lodash/lodash/tar.gz/f299b52f39486275a9e6483b60a410e06520c538"

"@bower_components/ng-file-upload@danialfarid/angular-file-upload-bower#^12.2.13":
  version "0.0.0"
  resolved "https://codeload.github.com/danialfarid/angular-file-upload-bower/tar.gz/4ba3e7eb34c3ced628699e3e20bfca32ea5be1f5"

"@bower_components/ngstorage@gsklee/ngStorage#^0.3.11":
  version "0.3.11"
  resolved "https://codeload.github.com/gsklee/ngStorage/tar.gz/253b718a0b35b044fba25c78b1b2020d672c4017"

"@uirouter/core@6.0.7":
  version "6.0.7"
  resolved "https://registry.yarnpkg.com/@uirouter/core/-/core-6.0.7.tgz#a66743dceb13a56d8908474ff891d63e5d5a2b01"
  integrity sha512-KUTJxL+6q0PiBnFx4/Z+Hsyg0pSGiaW5yZQeJmUxknecjpTbnXkLU8H2EqRn9N2B+qDRa7Jg8RcgeNDPY72O1w==

angular-input-masks@^4.4.1:
  version "4.4.1"
  resolved "https://registry.yarnpkg.com/angular-input-masks/-/angular-input-masks-4.4.1.tgz#bc43e76095699ff2853e04b14a17eea02f9916e4"
  integrity sha512-gY1rhev/07EO82UU6H1ENdYdI2yzfYXIb04JOW9Un4pWXhQ7sfsLp/jx10D8QZs7qwEa3/vHU3RdHLhpBtkjYA==
  dependencies:
    br-validations "^0.3.1"
    date-fns "2.0.0-alpha.7"
    string-mask "^0.3.0"

angular@^1.0.6, angular@~1:
  version "1.8.2"
  resolved "https://registry.yarnpkg.com/angular/-/angular-1.8.2.tgz#5983bbb5a9fa63e213cb7749199e0d352de3a2f1"
  integrity sha512-IauMOej2xEe7/7Ennahkbb5qd/HFADiNuLSESz9Q27inmi32zB0lnAsFeLEWcox3Gd1F6YhNd1CP7/9IukJ0Gw==

bootstrap-material-design@^0.5.9:
  version "0.5.10"
  resolved "https://registry.yarnpkg.com/bootstrap-material-design/-/bootstrap-material-design-0.5.10.tgz#b36b0035b528a821c1758695b25d25e25e121372"
  integrity sha1-s2sANbUoqCHBdYaVsl0l4l4SE3I=
  dependencies:
    bootstrap ">=3.0"
    jquery ">=1.9.1"

bootstrap@>=3.0:
  version "4.5.3"
  resolved "https://registry.yarnpkg.com/bootstrap/-/bootstrap-4.5.3.tgz#c6a72b355aaf323920be800246a6e4ef30997fe6"
  integrity sha512-o9ppKQioXGqhw8Z7mah6KdTYpNQY//tipnkxppWhPbiSWdD+1raYsnhwEZjkTHYbGee4cVQ0Rx65EhOY/HNLcQ==

br-validations@^0.3.1:
  version "0.3.1"
  resolved "https://registry.yarnpkg.com/br-validations/-/br-validations-0.3.1.tgz#4e45a4e074adaeea2b7e088bc0e37ade9b76364d"
  integrity sha1-TkWk4HStruorfgiLwON63pt2Nk0=

date-fns@2.0.0-alpha.7:
  version "2.0.0-alpha.7"
  resolved "https://registry.yarnpkg.com/date-fns/-/date-fns-2.0.0-alpha.7.tgz#245ad16f95764eababfb2c0a41fd5d033c20e57a"
  integrity sha1-JFrRb5V2Tqur+ywKQf1dAzwg5Xo=

hamsterjs@^1.0.2:
  version "1.1.3"
  resolved "https://registry.yarnpkg.com/hamsterjs/-/hamsterjs-1.1.3.tgz#4adc6b9100a3fcc7c65fc391debb249901a50df6"
  integrity sha512-q4XBr7hnxx1WyZA8mpVDuZVa1YXaR0WZaFSBxnj8hUXltuqXJOt5yuWYkAbMXsj+q0REDUO990+/TuxEadXFyg==

jquery@>=1.9.1:
  version "3.6.0"
  resolved "https://registry.yarnpkg.com/jquery/-/jquery-3.6.0.tgz#c72a09f15c1bdce142f49dbf1170bdf8adac2470"
  integrity sha512-JVzAR/AjBvVt2BmYhxRCSYysDsPcssdmTFnzyLEts9qNwmjmu4JTAMYubEfwVOSwpQ1I1sKKFcxhZCI2buerfw==

string-mask@^0.3.0:
  version "0.3.0"
  resolved "https://registry.yarnpkg.com/string-mask/-/string-mask-0.3.0.tgz#9e7244b87bb2f6f9647e2ac98f96fa1a57c21198"
  integrity sha1-nnJEuHuy9vlkfirJj5b6GlfCEZg=
